// !$*UTF8*$!
{
	archiveVersion = 1;
	classes = {
	};
	objectVersion = 51;
	objects = {

/* Begin PBXBuildFile section */
		35716F9EBE570261E1761979 /* Pods_FlixDemo03Tests.framework in Frameworks */ = {isa = PBXBuildFile; fileRef = 439A9A4B0E99BB7271B6FB19 /* Pods_FlixDemo03Tests.framework */; };
		5D00077F71B034B894EBEFB6 /* Pods_FlixDemo03UITests.framework in Frameworks */ = {isa = PBXBuildFile; fileRef = 510540F6E0C5A926DB676361 /* Pods_FlixDemo03UITests.framework */; };
		8B9BA9AF36F851E1B7269AE1 /* Pods_FlixDemo03.framework in Frameworks */ = {isa = PBXBuildFile; fileRef = 148E89F01C85AA888A018D65 /* Pods_FlixDemo03.framework */; };
		B02328B422C3F03400ACA5A6 /* AppDelegate.m in Sources */ = {isa = PBXBuildFile; fileRef = B02328B322C3F03400ACA5A6 /* AppDelegate.m */; };
		B02328BA22C3F03400ACA5A6 /* Main.storyboard in Resources */ = {isa = PBXBuildFile; fileRef = B02328B822C3F03400ACA5A6 /* Main.storyboard */; };
		B02328BC22C3F03500ACA5A6 /* Assets.xcassets in Resources */ = {isa = PBXBuildFile; fileRef = B02328BB22C3F03500ACA5A6 /* Assets.xcassets */; };
		B02328BF22C3F03500ACA5A6 /* LaunchScreen.storyboard in Resources */ = {isa = PBXBuildFile; fileRef = B02328BD22C3F03500ACA5A6 /* LaunchScreen.storyboard */; };
		B02328C222C3F03500ACA5A6 /* main.m in Sources */ = {isa = PBXBuildFile; fileRef = B02328C122C3F03500ACA5A6 /* main.m */; };
		B02328CC22C3F03500ACA5A6 /* FlixDemo03Tests.m in Sources */ = {isa = PBXBuildFile; fileRef = B02328CB22C3F03500ACA5A6 /* FlixDemo03Tests.m */; };
		B02328D722C3F03500ACA5A6 /* FlixDemo03UITests.m in Sources */ = {isa = PBXBuildFile; fileRef = B02328D622C3F03500ACA5A6 /* FlixDemo03UITests.m */; };
		B02328E622C419BD00ACA5A6 /* MoviesViewController.m in Sources */ = {isa = PBXBuildFile; fileRef = B02328E522C419BD00ACA5A6 /* MoviesViewController.m */; };
		B02328EC22C446B300ACA5A6 /* MovieCellTableViewCell.m in Sources */ = {isa = PBXBuildFile; fileRef = B02328EB22C446B300ACA5A6 /* MovieCellTableViewCell.m */; };
		B02328EF22C56AB600ACA5A6 /* MovieCell.m in Sources */ = {isa = PBXBuildFile; fileRef = B02328EE22C56AB600ACA5A6 /* MovieCell.m */; };
		B02328F222C5964300ACA5A6 /* detailViewController.m in Sources */ = {isa = PBXBuildFile; fileRef = B02328F122C5964300ACA5A6 /* detailViewController.m */; };
		B0293A9022C6A8C30080A267 /* MoviesGridViewController.m in Sources */ = {isa = PBXBuildFile; fileRef = B0293A8F22C6A8C30080A267 /* MoviesGridViewController.m */; };
		B0293A9622C6C8600080A267 /* MovieCollectionCell.m in Sources */ = {isa = PBXBuildFile; fileRef = B0293A9522C6C8600080A267 /* MovieCollectionCell.m */; };
/* End PBXBuildFile section */

/* Begin PBXContainerItemProxy section */
		B02328C822C3F03500ACA5A6 /* PBXContainerItemProxy */ = {
			isa = PBXContainerItemProxy;
			containerPortal = B02328A722C3F03400ACA5A6 /* Project object */;
			proxyType = 1;
			remoteGlobalIDString = B02328AE22C3F03400ACA5A6;
			remoteInfo = FlixDemo03;
		};
		B02328D322C3F03500ACA5A6 /* PBXContainerItemProxy */ = {
			isa = PBXContainerItemProxy;
			containerPortal = B02328A722C3F03400ACA5A6 /* Project object */;
			proxyType = 1;
			remoteGlobalIDString = B02328AE22C3F03400ACA5A6;
			remoteInfo = FlixDemo03;
		};
/* End PBXContainerItemProxy section */

/* Begin PBXFileReference section */
		052B29A8464FEB1FE4877C4A /* Pods-FlixDemo03.release.xcconfig */ = {isa = PBXFileReference; includeInIndex = 1; lastKnownFileType = text.xcconfig; name = "Pods-FlixDemo03.release.xcconfig"; path = "Target Support Files/Pods-FlixDemo03/Pods-FlixDemo03.release.xcconfig"; sourceTree = "<group>"; };
		148E89F01C85AA888A018D65 /* Pods_FlixDemo03.framework */ = {isa = PBXFileReference; explicitFileType = wrapper.framework; includeInIndex = 0; path = Pods_FlixDemo03.framework; sourceTree = BUILT_PRODUCTS_DIR; };
		439A9A4B0E99BB7271B6FB19 /* Pods_FlixDemo03Tests.framework */ = {isa = PBXFileReference; explicitFileType = wrapper.framework; includeInIndex = 0; path = Pods_FlixDemo03Tests.framework; sourceTree = BUILT_PRODUCTS_DIR; };
		459E3D9EB4143A011383F9AA /* Pods-FlixDemo03.debug.xcconfig */ = {isa = PBXFileReference; includeInIndex = 1; lastKnownFileType = text.xcconfig; name = "Pods-FlixDemo03.debug.xcconfig"; path = "Target Support Files/Pods-FlixDemo03/Pods-FlixDemo03.debug.xcconfig"; sourceTree = "<group>"; };
		510540F6E0C5A926DB676361 /* Pods_FlixDemo03UITests.framework */ = {isa = PBXFileReference; explicitFileType = wrapper.framework; includeInIndex = 0; path = Pods_FlixDemo03UITests.framework; sourceTree = BUILT_PRODUCTS_DIR; };
		6274D5EAD25D947E1A23E903 /* Pods-FlixDemo03UITests.release.xcconfig */ = {isa = PBXFileReference; includeInIndex = 1; lastKnownFileType = text.xcconfig; name = "Pods-FlixDemo03UITests.release.xcconfig"; path = "Target Support Files/Pods-FlixDemo03UITests/Pods-FlixDemo03UITests.release.xcconfig"; sourceTree = "<group>"; };
		872A99A2DF09B82DE1FA40A6 /* Pods-FlixDemo03Tests.release.xcconfig */ = {isa = PBXFileReference; includeInIndex = 1; lastKnownFileType = text.xcconfig; name = "Pods-FlixDemo03Tests.release.xcconfig"; path = "Target Support Files/Pods-FlixDemo03Tests/Pods-FlixDemo03Tests.release.xcconfig"; sourceTree = "<group>"; };
		B02328AF22C3F03400ACA5A6 /* FlixDemo03.app */ = {isa = PBXFileReference; explicitFileType = wrapper.application; includeInIndex = 0; path = FlixDemo03.app; sourceTree = BUILT_PRODUCTS_DIR; };
		B02328B222C3F03400ACA5A6 /* AppDelegate.h */ = {isa = PBXFileReference; lastKnownFileType = sourcecode.c.h; path = AppDelegate.h; sourceTree = "<group>"; };
		B02328B322C3F03400ACA5A6 /* AppDelegate.m */ = {isa = PBXFileReference; lastKnownFileType = sourcecode.c.objc; path = AppDelegate.m; sourceTree = "<group>"; };
		B02328B922C3F03400ACA5A6 /* Base */ = {isa = PBXFileReference; lastKnownFileType = file.storyboard; name = Base; path = Base.lproj/Main.storyboard; sourceTree = "<group>"; };
		B02328BB22C3F03500ACA5A6 /* Assets.xcassets */ = {isa = PBXFileReference; lastKnownFileType = folder.assetcatalog; path = Assets.xcassets; sourceTree = "<group>"; };
		B02328BE22C3F03500ACA5A6 /* Base */ = {isa = PBXFileReference; lastKnownFileType = file.storyboard; name = Base; path = Base.lproj/LaunchScreen.storyboard; sourceTree = "<group>"; };
		B02328C022C3F03500ACA5A6 /* Info.plist */ = {isa = PBXFileReference; lastKnownFileType = text.plist.xml; path = Info.plist; sourceTree = "<group>"; };
		B02328C122C3F03500ACA5A6 /* main.m */ = {isa = PBXFileReference; lastKnownFileType = sourcecode.c.objc; path = main.m; sourceTree = "<group>"; };
		B02328C722C3F03500ACA5A6 /* FlixDemo03Tests.xctest */ = {isa = PBXFileReference; explicitFileType = wrapper.cfbundle; includeInIndex = 0; path = FlixDemo03Tests.xctest; sourceTree = BUILT_PRODUCTS_DIR; };
		B02328CB22C3F03500ACA5A6 /* FlixDemo03Tests.m */ = {isa = PBXFileReference; lastKnownFileType = sourcecode.c.objc; path = FlixDemo03Tests.m; sourceTree = "<group>"; };
		B02328CD22C3F03500ACA5A6 /* Info.plist */ = {isa = PBXFileReference; lastKnownFileType = text.plist.xml; path = Info.plist; sourceTree = "<group>"; };
		B02328D222C3F03500ACA5A6 /* FlixDemo03UITests.xctest */ = {isa = PBXFileReference; explicitFileType = wrapper.cfbundle; includeInIndex = 0; path = FlixDemo03UITests.xctest; sourceTree = BUILT_PRODUCTS_DIR; };
		B02328D622C3F03500ACA5A6 /* FlixDemo03UITests.m */ = {isa = PBXFileReference; lastKnownFileType = sourcecode.c.objc; path = FlixDemo03UITests.m; sourceTree = "<group>"; };
		B02328D822C3F03500ACA5A6 /* Info.plist */ = {isa = PBXFileReference; lastKnownFileType = text.plist.xml; path = Info.plist; sourceTree = "<group>"; };
		B02328E422C419BD00ACA5A6 /* MoviesViewController.h */ = {isa = PBXFileReference; lastKnownFileType = sourcecode.c.h; path = MoviesViewController.h; sourceTree = "<group>"; };
		B02328E522C419BD00ACA5A6 /* MoviesViewController.m */ = {isa = PBXFileReference; lastKnownFileType = sourcecode.c.objc; path = MoviesViewController.m; sourceTree = "<group>"; };
		B02328EA22C446B300ACA5A6 /* MovieCellTableViewCell.h */ = {isa = PBXFileReference; lastKnownFileType = sourcecode.c.h; path = MovieCellTableViewCell.h; sourceTree = "<group>"; };
		B02328EB22C446B300ACA5A6 /* MovieCellTableViewCell.m */ = {isa = PBXFileReference; lastKnownFileType = sourcecode.c.objc; path = MovieCellTableViewCell.m; sourceTree = "<group>"; };
		B02328ED22C56AB600ACA5A6 /* MovieCell.h */ = {isa = PBXFileReference; lastKnownFileType = sourcecode.c.h; path = MovieCell.h; sourceTree = "<group>"; };
		B02328EE22C56AB600ACA5A6 /* MovieCell.m */ = {isa = PBXFileReference; lastKnownFileType = sourcecode.c.objc; path = MovieCell.m; sourceTree = "<group>"; };
		B02328F022C5964300ACA5A6 /* detailViewController.h */ = {isa = PBXFileReference; lastKnownFileType = sourcecode.c.h; path = detailViewController.h; sourceTree = "<group>"; };
		B02328F122C5964300ACA5A6 /* detailViewController.m */ = {isa = PBXFileReference; lastKnownFileType = sourcecode.c.objc; path = detailViewController.m; sourceTree = "<group>"; };
		B0293A8E22C6A8C30080A267 /* MoviesGridViewController.h */ = {isa = PBXFileReference; lastKnownFileType = sourcecode.c.h; path = MoviesGridViewController.h; sourceTree = "<group>"; };
		B0293A8F22C6A8C30080A267 /* MoviesGridViewController.m */ = {isa = PBXFileReference; lastKnownFileType = sourcecode.c.objc; path = MoviesGridViewController.m; sourceTree = "<group>"; };
		B0293A9422C6C8600080A267 /* MovieCollectionCell.h */ = {isa = PBXFileReference; lastKnownFileType = sourcecode.c.h; path = MovieCollectionCell.h; sourceTree = "<group>"; };
		B0293A9522C6C8600080A267 /* MovieCollectionCell.m */ = {isa = PBXFileReference; lastKnownFileType = sourcecode.c.objc; path = MovieCollectionCell.m; sourceTree = "<group>"; };
		BE900186B4D395F2CCB94B95 /* Pods-FlixDemo03UITests.debug.xcconfig */ = {isa = PBXFileReference; includeInIndex = 1; lastKnownFileType = text.xcconfig; name = "Pods-FlixDemo03UITests.debug.xcconfig"; path = "Target Support Files/Pods-FlixDemo03UITests/Pods-FlixDemo03UITests.debug.xcconfig"; sourceTree = "<group>"; };
		D7C1A0AA8F5AF60A94A86356 /* Pods-FlixDemo03Tests.debug.xcconfig */ = {isa = PBXFileReference; includeInIndex = 1; lastKnownFileType = text.xcconfig; name = "Pods-FlixDemo03Tests.debug.xcconfig"; path = "Target Support Files/Pods-FlixDemo03Tests/Pods-FlixDemo03Tests.debug.xcconfig"; sourceTree = "<group>"; };
/* End PBXFileReference section */

/* Begin PBXFrameworksBuildPhase section */
		B02328AC22C3F03400ACA5A6 /* Frameworks */ = {
			isa = PBXFrameworksBuildPhase;
			buildActionMask = 2147483647;
			files = (
				8B9BA9AF36F851E1B7269AE1 /* Pods_FlixDemo03.framework in Frameworks */,
			);
			runOnlyForDeploymentPostprocessing = 0;
		};
		B02328C422C3F03500ACA5A6 /* Frameworks */ = {
			isa = PBXFrameworksBuildPhase;
			buildActionMask = 2147483647;
			files = (
				35716F9EBE570261E1761979 /* Pods_FlixDemo03Tests.framework in Frameworks */,
			);
			runOnlyForDeploymentPostprocessing = 0;
		};
		B02328CF22C3F03500ACA5A6 /* Frameworks */ = {
			isa = PBXFrameworksBuildPhase;
			buildActionMask = 2147483647;
			files = (
				5D00077F71B034B894EBEFB6 /* Pods_FlixDemo03UITests.framework in Frameworks */,
			);
			runOnlyForDeploymentPostprocessing = 0;
		};
/* End PBXFrameworksBuildPhase section */

/* Begin PBXGroup section */
		B02328A622C3F03400ACA5A6 = {
			isa = PBXGroup;
			children = (
				B02328B122C3F03400ACA5A6 /* FlixDemo03 */,
				B02328CA22C3F03500ACA5A6 /* FlixDemo03Tests */,
				B02328D522C3F03500ACA5A6 /* FlixDemo03UITests */,
				B02328B022C3F03400ACA5A6 /* Products */,
				DA9D0CBF854DB658D24C521F /* Pods */,
				E3B1F34D5AE824C8631C27B1 /* Frameworks */,
			);
			sourceTree = "<group>";
		};
		B02328B022C3F03400ACA5A6 /* Products */ = {
			isa = PBXGroup;
			children = (
				B02328AF22C3F03400ACA5A6 /* FlixDemo03.app */,
				B02328C722C3F03500ACA5A6 /* FlixDemo03Tests.xctest */,
				B02328D222C3F03500ACA5A6 /* FlixDemo03UITests.xctest */,
			);
			name = Products;
			sourceTree = "<group>";
		};
		B02328B122C3F03400ACA5A6 /* FlixDemo03 */ = {
			isa = PBXGroup;
			children = (
				B02328E822C41BE000ACA5A6 /* Models */,
				B02328E922C41BED00ACA5A6 /* View Controllers */,
				B02328E722C41BD400ACA5A6 /* Views */,
				B02328B222C3F03400ACA5A6 /* AppDelegate.h */,
				B02328B322C3F03400ACA5A6 /* AppDelegate.m */,
				B02328B822C3F03400ACA5A6 /* Main.storyboard */,
				B02328BB22C3F03500ACA5A6 /* Assets.xcassets */,
				B02328BD22C3F03500ACA5A6 /* LaunchScreen.storyboard */,
				B02328C022C3F03500ACA5A6 /* Info.plist */,
				B02328C122C3F03500ACA5A6 /* main.m */,
			);
			path = FlixDemo03;
			sourceTree = "<group>";
		};
		B02328CA22C3F03500ACA5A6 /* FlixDemo03Tests */ = {
			isa = PBXGroup;
			children = (
				B02328CB22C3F03500ACA5A6 /* FlixDemo03Tests.m */,
				B02328CD22C3F03500ACA5A6 /* Info.plist */,
			);
			path = FlixDemo03Tests;
			sourceTree = "<group>";
		};
		B02328D522C3F03500ACA5A6 /* FlixDemo03UITests */ = {
			isa = PBXGroup;
			children = (
				B02328D622C3F03500ACA5A6 /* FlixDemo03UITests.m */,
				B02328D822C3F03500ACA5A6 /* Info.plist */,
			);
			path = FlixDemo03UITests;
			sourceTree = "<group>";
		};
		B02328E722C41BD400ACA5A6 /* Views */ = {
			isa = PBXGroup;
			children = (
				B02328EA22C446B300ACA5A6 /* MovieCellTableViewCell.h */,
				B02328EB22C446B300ACA5A6 /* MovieCellTableViewCell.m */,
				B02328ED22C56AB600ACA5A6 /* MovieCell.h */,
				B02328EE22C56AB600ACA5A6 /* MovieCell.m */,
				B0293A9422C6C8600080A267 /* MovieCollectionCell.h */,
				B0293A9522C6C8600080A267 /* MovieCollectionCell.m */,
			);
			path = Views;
			sourceTree = "<group>";
		};
		B02328E822C41BE000ACA5A6 /* Models */ = {
			isa = PBXGroup;
			children = (
			);
			path = Models;
			sourceTree = "<group>";
		};
		B02328E922C41BED00ACA5A6 /* View Controllers */ = {
			isa = PBXGroup;
			children = (
				B02328E422C419BD00ACA5A6 /* MoviesViewController.h */,
				B02328E522C419BD00ACA5A6 /* MoviesViewController.m */,
				B02328F022C5964300ACA5A6 /* detailViewController.h */,
				B02328F122C5964300ACA5A6 /* detailViewController.m */,
				B0293A8E22C6A8C30080A267 /* MoviesGridViewController.h */,
				B0293A8F22C6A8C30080A267 /* MoviesGridViewController.m */,
			);
			path = "View Controllers";
			sourceTree = "<group>";
		};
		DA9D0CBF854DB658D24C521F /* Pods */ = {
			isa = PBXGroup;
			children = (
				459E3D9EB4143A011383F9AA /* Pods-FlixDemo03.debug.xcconfig */,
				052B29A8464FEB1FE4877C4A /* Pods-FlixDemo03.release.xcconfig */,
				D7C1A0AA8F5AF60A94A86356 /* Pods-FlixDemo03Tests.debug.xcconfig */,
				872A99A2DF09B82DE1FA40A6 /* Pods-FlixDemo03Tests.release.xcconfig */,
				BE900186B4D395F2CCB94B95 /* Pods-FlixDemo03UITests.debug.xcconfig */,
				6274D5EAD25D947E1A23E903 /* Pods-FlixDemo03UITests.release.xcconfig */,
			);
			path = Pods;
			sourceTree = "<group>";
		};
		E3B1F34D5AE824C8631C27B1 /* Frameworks */ = {
			isa = PBXGroup;
			children = (
				148E89F01C85AA888A018D65 /* Pods_FlixDemo03.framework */,
				439A9A4B0E99BB7271B6FB19 /* Pods_FlixDemo03Tests.framework */,
				510540F6E0C5A926DB676361 /* Pods_FlixDemo03UITests.framework */,
			);
			name = Frameworks;
			sourceTree = "<group>";
		};
/* End PBXGroup section */

/* Begin PBXNativeTarget section */
		B02328AE22C3F03400ACA5A6 /* FlixDemo03 */ = {
			isa = PBXNativeTarget;
			buildConfigurationList = B02328DB22C3F03500ACA5A6 /* Build configuration list for PBXNativeTarget "FlixDemo03" */;
			buildPhases = (
				5E7BE3DA620BE7B511B10489 /* [CP] Check Pods Manifest.lock */,
				B02328AB22C3F03400ACA5A6 /* Sources */,
				B02328AC22C3F03400ACA5A6 /* Frameworks */,
				B02328AD22C3F03400ACA5A6 /* Resources */,
				A02890B572DA62636394A92C /* [CP] Embed Pods Frameworks */,
			);
			buildRules = (
			);
			dependencies = (
			);
			name = FlixDemo03;
			productName = FlixDemo03;
			productReference = B02328AF22C3F03400ACA5A6 /* FlixDemo03.app */;
			productType = "com.apple.product-type.application";
		};
		B02328C622C3F03500ACA5A6 /* FlixDemo03Tests */ = {
			isa = PBXNativeTarget;
			buildConfigurationList = B02328DE22C3F03500ACA5A6 /* Build configuration list for PBXNativeTarget "FlixDemo03Tests" */;
			buildPhases = (
				DDEA5A61F3FEFFCC83681583 /* [CP] Check Pods Manifest.lock */,
				B02328C322C3F03500ACA5A6 /* Sources */,
				B02328C422C3F03500ACA5A6 /* Frameworks */,
				B02328C522C3F03500ACA5A6 /* Resources */,
			);
			buildRules = (
			);
			dependencies = (
				B02328C922C3F03500ACA5A6 /* PBXTargetDependency */,
			);
			name = FlixDemo03Tests;
			productName = FlixDemo03Tests;
			productReference = B02328C722C3F03500ACA5A6 /* FlixDemo03Tests.xctest */;
			productType = "com.apple.product-type.bundle.unit-test";
		};
		B02328D122C3F03500ACA5A6 /* FlixDemo03UITests */ = {
			isa = PBXNativeTarget;
			buildConfigurationList = B02328E122C3F03500ACA5A6 /* Build configuration list for PBXNativeTarget "FlixDemo03UITests" */;
			buildPhases = (
				8AE4887955B2CB97B8F14F1A /* [CP] Check Pods Manifest.lock */,
				B02328CE22C3F03500ACA5A6 /* Sources */,
				B02328CF22C3F03500ACA5A6 /* Frameworks */,
				B02328D022C3F03500ACA5A6 /* Resources */,
			);
			buildRules = (
			);
			dependencies = (
				B02328D422C3F03500ACA5A6 /* PBXTargetDependency */,
			);
			name = FlixDemo03UITests;
			productName = FlixDemo03UITests;
			productReference = B02328D222C3F03500ACA5A6 /* FlixDemo03UITests.xctest */;
			productType = "com.apple.product-type.bundle.ui-testing";
		};
/* End PBXNativeTarget section */

/* Begin PBXProject section */
		B02328A722C3F03400ACA5A6 /* Project object */ = {
			isa = PBXProject;
			attributes = {
				LastUpgradeCheck = 1020;
				ORGANIZATIONNAME = unauthorize;
				TargetAttributes = {
					B02328AE22C3F03400ACA5A6 = {
						CreatedOnToolsVersion = 10.2.1;
					};
					B02328C622C3F03500ACA5A6 = {
						CreatedOnToolsVersion = 10.2.1;
						TestTargetID = B02328AE22C3F03400ACA5A6;
					};
					B02328D122C3F03500ACA5A6 = {
						CreatedOnToolsVersion = 10.2.1;
						TestTargetID = B02328AE22C3F03400ACA5A6;
					};
				};
			};
			buildConfigurationList = B02328AA22C3F03400ACA5A6 /* Build configuration list for PBXProject "FlixDemo03" */;
			compatibilityVersion = "Xcode 9.3";
			developmentRegion = en;
			hasScannedForEncodings = 0;
			knownRegions = (
				en,
				Base,
			);
			mainGroup = B02328A622C3F03400ACA5A6;
			productRefGroup = B02328B022C3F03400ACA5A6 /* Products */;
			projectDirPath = "";
			projectRoot = "";
			targets = (
				B02328AE22C3F03400ACA5A6 /* FlixDemo03 */,
				B02328C622C3F03500ACA5A6 /* FlixDemo03Tests */,
				B02328D122C3F03500ACA5A6 /* FlixDemo03UITests */,
			);
		};
/* End PBXProject section */

/* Begin PBXResourcesBuildPhase section */
		B02328AD22C3F03400ACA5A6 /* Resources */ = {
			isa = PBXResourcesBuildPhase;
			buildActionMask = 2147483647;
			files = (
				B02328BF22C3F03500ACA5A6 /* LaunchScreen.storyboard in Resources */,
				B02328BC22C3F03500ACA5A6 /* Assets.xcassets in Resources */,
				B02328BA22C3F03400ACA5A6 /* Main.storyboard in Resources */,
			);
			runOnlyForDeploymentPostprocessing = 0;
		};
		B02328C522C3F03500ACA5A6 /* Resources */ = {
			isa = PBXResourcesBuildPhase;
			buildActionMask = 2147483647;
			files = (
			);
			runOnlyForDeploymentPostprocessing = 0;
		};
		B02328D022C3F03500ACA5A6 /* Resources */ = {
			isa = PBXResourcesBuildPhase;
			buildActionMask = 2147483647;
			files = (
			);
			runOnlyForDeploymentPostprocessing = 0;
		};
/* End PBXResourcesBuildPhase section */

/* Begin PBXShellScriptBuildPhase section */
		5E7BE3DA620BE7B511B10489 /* [CP] Check Pods Manifest.lock */ = {
			isa = PBXShellScriptBuildPhase;
			buildActionMask = 2147483647;
			files = (
			);
			inputFileListPaths = (
			);
			inputPaths = (
				"${PODS_PODFILE_DIR_PATH}/Podfile.lock",
				"${PODS_ROOT}/Manifest.lock",
			);
			name = "[CP] Check Pods Manifest.lock";
			outputFileListPaths = (
			);
			outputPaths = (
				"$(DERIVED_FILE_DIR)/Pods-FlixDemo03-checkManifestLockResult.txt",
			);
			runOnlyForDeploymentPostprocessing = 0;
			shellPath = /bin/sh;
			shellScript = "diff \"${PODS_PODFILE_DIR_PATH}/Podfile.lock\" \"${PODS_ROOT}/Manifest.lock\" > /dev/null\nif [ $? != 0 ] ; then\n    # print error to STDERR\n    echo \"error: The sandbox is not in sync with the Podfile.lock. Run 'pod install' or update your CocoaPods installation.\" >&2\n    exit 1\nfi\n# This output is used by Xcode 'outputs' to avoid re-running this script phase.\necho \"SUCCESS\" > \"${SCRIPT_OUTPUT_FILE_0}\"\n";
			showEnvVarsInLog = 0;
		};
		8AE4887955B2CB97B8F14F1A /* [CP] Check Pods Manifest.lock */ = {
			isa = PBXShellScriptBuildPhase;
			buildActionMask = 2147483647;
			files = (
			);
			inputFileListPaths = (
			);
			inputPaths = (
				"${PODS_PODFILE_DIR_PATH}/Podfile.lock",
				"${PODS_ROOT}/Manifest.lock",
			);
			name = "[CP] Check Pods Manifest.lock";
			outputFileListPaths = (
			);
			outputPaths = (
				"$(DERIVED_FILE_DIR)/Pods-FlixDemo03UITests-checkManifestLockResult.txt",
			);
			runOnlyForDeploymentPostprocessing = 0;
			shellPath = /bin/sh;
			shellScript = "diff \"${PODS_PODFILE_DIR_PATH}/Podfile.lock\" \"${PODS_ROOT}/Manifest.lock\" > /dev/null\nif [ $? != 0 ] ; then\n    # print error to STDERR\n    echo \"error: The sandbox is not in sync with the Podfile.lock. Run 'pod install' or update your CocoaPods installation.\" >&2\n    exit 1\nfi\n# This output is used by Xcode 'outputs' to avoid re-running this script phase.\necho \"SUCCESS\" > \"${SCRIPT_OUTPUT_FILE_0}\"\n";
			showEnvVarsInLog = 0;
		};
		A02890B572DA62636394A92C /* [CP] Embed Pods Frameworks */ = {
			isa = PBXShellScriptBuildPhase;
			buildActionMask = 2147483647;
			files = (
			);
			inputFileListPaths = (
				"${PODS_ROOT}/Target Support Files/Pods-FlixDemo03/Pods-FlixDemo03-frameworks-${CONFIGURATION}-input-files.xcfilelist",
			);
			name = "[CP] Embed Pods Frameworks";
			outputFileListPaths = (
				"${PODS_ROOT}/Target Support Files/Pods-FlixDemo03/Pods-FlixDemo03-frameworks-${CONFIGURATION}-output-files.xcfilelist",
			);
			runOnlyForDeploymentPostprocessing = 0;
			shellPath = /bin/sh;
			shellScript = "\"${PODS_ROOT}/Target Support Files/Pods-FlixDemo03/Pods-FlixDemo03-frameworks.sh\"\n";
			showEnvVarsInLog = 0;
		};
		DDEA5A61F3FEFFCC83681583 /* [CP] Check Pods Manifest.lock */ = {
			isa = PBXShellScriptBuildPhase;
			buildActionMask = 2147483647;
			files = (
			);
			inputFileListPaths = (
			);
			inputPaths = (
				"${PODS_PODFILE_DIR_PATH}/Podfile.lock",
				"${PODS_ROOT}/Manifest.lock",
			);
			name = "[CP] Check Pods Manifest.lock";
			outputFileListPaths = (
			);
			outputPaths = (
				"$(DERIVED_FILE_DIR)/Pods-FlixDemo03Tests-checkManifestLockResult.txt",
			);
			runOnlyForDeploymentPostprocessing = 0;
			shellPath = /bin/sh;
			shellScript = "diff \"${PODS_PODFILE_DIR_PATH}/Podfile.lock\" \"${PODS_ROOT}/Manifest.lock\" > /dev/null\nif [ $? != 0 ] ; then\n    # print error to STDERR\n    echo \"error: The sandbox is not in sync with the Podfile.lock. Run 'pod install' or update your CocoaPods installation.\" >&2\n    exit 1\nfi\n# This output is used by Xcode 'outputs' to avoid re-running this script phase.\necho \"SUCCESS\" > \"${SCRIPT_OUTPUT_FILE_0}\"\n";
			showEnvVarsInLog = 0;
		};
/* End PBXShellScriptBuildPhase section */

/* Begin PBXSourcesBuildPhase section */
		B02328AB22C3F03400ACA5A6 /* Sources */ = {
			isa = PBXSourcesBuildPhase;
			buildActionMask = 2147483647;
			files = (
				B02328C222C3F03500ACA5A6 /* main.m in Sources */,
				B02328EF22C56AB600ACA5A6 /* MovieCell.m in Sources */,
				B02328B422C3F03400ACA5A6 /* AppDelegate.m in Sources */,
				B02328EC22C446B300ACA5A6 /* MovieCellTableViewCell.m in Sources */,
				B0293A9622C6C8600080A267 /* MovieCollectionCell.m in Sources */,
				B02328E622C419BD00ACA5A6 /* MoviesViewController.m in Sources */,
				B02328F222C5964300ACA5A6 /* detailViewController.m in Sources */,
				B0293A9022C6A8C30080A267 /* MoviesGridViewController.m in Sources */,
			);
			runOnlyForDeploymentPostprocessing = 0;
		};
		B02328C322C3F03500ACA5A6 /* Sources */ = {
			isa = PBXSourcesBuildPhase;
			buildActionMask = 2147483647;
			files = (
				B02328CC22C3F03500ACA5A6 /* FlixDemo03Tests.m in Sources */,
			);
			runOnlyForDeploymentPostprocessing = 0;
		};
		B02328CE22C3F03500ACA5A6 /* Sources */ = {
			isa = PBXSourcesBuildPhase;
			buildActionMask = 2147483647;
			files = (
				B02328D722C3F03500ACA5A6 /* FlixDemo03UITests.m in Sources */,
			);
			runOnlyForDeploymentPostprocessing = 0;
		};
/* End PBXSourcesBuildPhase section */

/* Begin PBXTargetDependency section */
		B02328C922C3F03500ACA5A6 /* PBXTargetDependency */ = {
			isa = PBXTargetDependency;
			target = B02328AE22C3F03400ACA5A6 /* FlixDemo03 */;
			targetProxy = B02328C822C3F03500ACA5A6 /* PBXContainerItemProxy */;
		};
		B02328D422C3F03500ACA5A6 /* PBXTargetDependency */ = {
			isa = PBXTargetDependency;
			target = B02328AE22C3F03400ACA5A6 /* FlixDemo03 */;
			targetProxy = B02328D322C3F03500ACA5A6 /* PBXContainerItemProxy */;
		};
/* End PBXTargetDependency section */

/* Begin PBXVariantGroup section */
		B02328B822C3F03400ACA5A6 /* Main.storyboard */ = {
			isa = PBXVariantGroup;
			children = (
				B02328B922C3F03400ACA5A6 /* Base */,
			);
			name = Main.storyboard;
			sourceTree = "<group>";
		};
		B02328BD22C3F03500ACA5A6 /* LaunchScreen.storyboard */ = {
			isa = PBXVariantGroup;
			children = (
				B02328BE22C3F03500ACA5A6 /* Base */,
			);
			name = LaunchScreen.storyboard;
			sourceTree = "<group>";
		};
/* End PBXVariantGroup section */

/* Begin XCBuildConfiguration section */
		B02328D922C3F03500ACA5A6 /* Debug */ = {
			isa = XCBuildConfiguration;
			buildSettings = {
				ALWAYS_SEARCH_USER_PATHS = NO;
				CLANG_ANALYZER_NONNULL = YES;
				CLANG_ANALYZER_NUMBER_OBJECT_CONVERSION = YES_AGGRESSIVE;
				CLANG_CXX_LANGUAGE_STANDARD = "gnu++14";
				CLANG_CXX_LIBRARY = "libc++";
				CLANG_ENABLE_MODULES = YES;
				CLANG_ENABLE_OBJC_ARC = YES;
				CLANG_ENABLE_OBJC_WEAK = YES;
				CLANG_WARN_BLOCK_CAPTURE_AUTORELEASING = YES;
				CLANG_WARN_BOOL_CONVERSION = YES;
				CLANG_WARN_COMMA = YES;
				CLANG_WARN_CONSTANT_CONVERSION = YES;
				CLANG_WARN_DEPRECATED_OBJC_IMPLEMENTATIONS = YES;
				CLANG_WARN_DIRECT_OBJC_ISA_USAGE = YES_ERROR;
				CLANG_WARN_DOCUMENTATION_COMMENTS = YES;
				CLANG_WARN_EMPTY_BODY = YES;
				CLANG_WARN_ENUM_CONVERSION = YES;
				CLANG_WARN_INFINITE_RECURSION = YES;
				CLANG_WARN_INT_CONVERSION = YES;
				CLANG_WARN_NON_LITERAL_NULL_CONVERSION = YES;
				CLANG_WARN_OBJC_IMPLICIT_RETAIN_SELF = YES;
				CLANG_WARN_OBJC_LITERAL_CONVERSION = YES;
				CLANG_WARN_OBJC_ROOT_CLASS = YES_ERROR;
				CLANG_WARN_RANGE_LOOP_ANALYSIS = YES;
				CLANG_WARN_STRICT_PROTOTYPES = YES;
				CLANG_WARN_SUSPICIOUS_MOVE = YES;
				CLANG_WARN_UNGUARDED_AVAILABILITY = YES_AGGRESSIVE;
				CLANG_WARN_UNREACHABLE_CODE = YES;
				CLANG_WARN__DUPLICATE_METHOD_MATCH = YES;
				CODE_SIGN_IDENTITY = "iPhone Developer";
				COPY_PHASE_STRIP = NO;
				DEBUG_INFORMATION_FORMAT = dwarf;
				ENABLE_STRICT_OBJC_MSGSEND = YES;
				ENABLE_TESTABILITY = YES;
				GCC_C_LANGUAGE_STANDARD = gnu11;
				GCC_DYNAMIC_NO_PIC = NO;
				GCC_NO_COMMON_BLOCKS = YES;
				GCC_OPTIMIZATION_LEVEL = 0;
				GCC_PREPROCESSOR_DEFINITIONS = (
					"DEBUG=1",
					"$(inherited)",
				);
				GCC_WARN_64_TO_32_BIT_CONVERSION = YES;
				GCC_WARN_ABOUT_RETURN_TYPE = YES_ERROR;
				GCC_WARN_UNDECLARED_SELECTOR = YES;
				GCC_WARN_UNINITIALIZED_AUTOS = YES_AGGRESSIVE;
				GCC_WARN_UNUSED_FUNCTION = YES;
				GCC_WARN_UNUSED_VARIABLE = YES;
				IPHONEOS_DEPLOYMENT_TARGET = 12.2;
				MTL_ENABLE_DEBUG_INFO = INCLUDE_SOURCE;
				MTL_FAST_MATH = YES;
				ONLY_ACTIVE_ARCH = YES;
				SDKROOT = iphoneos;
			};
			name = Debug;
		};
		B02328DA22C3F03500ACA5A6 /* Release */ = {
			isa = XCBuildConfiguration;
			buildSettings = {
				ALWAYS_SEARCH_USER_PATHS = NO;
				CLANG_ANALYZER_NONNULL = YES;
				CLANG_ANALYZER_NUMBER_OBJECT_CONVERSION = YES_AGGRESSIVE;
				CLANG_CXX_LANGUAGE_STANDARD = "gnu++14";
				CLANG_CXX_LIBRARY = "libc++";
				CLANG_ENABLE_MODULES = YES;
				CLANG_ENABLE_OBJC_ARC = YES;
				CLANG_ENABLE_OBJC_WEAK = YES;
				CLANG_WARN_BLOCK_CAPTURE_AUTORELEASING = YES;
				CLANG_WARN_BOOL_CONVERSION = YES;
				CLANG_WARN_COMMA = YES;
				CLANG_WARN_CONSTANT_CONVERSION = YES;
				CLANG_WARN_DEPRECATED_OBJC_IMPLEMENTATIONS = YES;
				CLANG_WARN_DIRECT_OBJC_ISA_USAGE = YES_ERROR;
				CLANG_WARN_DOCUMENTATION_COMMENTS = YES;
				CLANG_WARN_EMPTY_BODY = YES;
				CLANG_WARN_ENUM_CONVERSION = YES;
				CLANG_WARN_INFINITE_RECURSION = YES;
				CLANG_WARN_INT_CONVERSION = YES;
				CLANG_WARN_NON_LITERAL_NULL_CONVERSION = YES;
				CLANG_WARN_OBJC_IMPLICIT_RETAIN_SELF = YES;
				CLANG_WARN_OBJC_LITERAL_CONVERSION = YES;
				CLANG_WARN_OBJC_ROOT_CLASS = YES_ERROR;
				CLANG_WARN_RANGE_LOOP_ANALYSIS = YES;
				CLANG_WARN_STRICT_PROTOTYPES = YES;
				CLANG_WARN_SUSPICIOUS_MOVE = YES;
				CLANG_WARN_UNGUARDED_AVAILABILITY = YES_AGGRESSIVE;
				CLANG_WARN_UNREACHABLE_CODE = YES;
				CLANG_WARN__DUPLICATE_METHOD_MATCH = YES;
				CODE_SIGN_IDENTITY = "iPhone Developer";
				COPY_PHASE_STRIP = NO;
				DEBUG_INFORMATION_FORMAT = "dwarf-with-dsym";
				ENABLE_NS_ASSERTIONS = NO;
				ENABLE_STRICT_OBJC_MSGSEND = YES;
				GCC_C_LANGUAGE_STANDARD = gnu11;
				GCC_NO_COMMON_BLOCKS = YES;
				GCC_WARN_64_TO_32_BIT_CONVERSION = YES;
				GCC_WARN_ABOUT_RETURN_TYPE = YES_ERROR;
				GCC_WARN_UNDECLARED_SELECTOR = YES;
				GCC_WARN_UNINITIALIZED_AUTOS = YES_AGGRESSIVE;
				GCC_WARN_UNUSED_FUNCTION = YES;
				GCC_WARN_UNUSED_VARIABLE = YES;
				IPHONEOS_DEPLOYMENT_TARGET = 12.2;
				MTL_ENABLE_DEBUG_INFO = NO;
				MTL_FAST_MATH = YES;
				SDKROOT = iphoneos;
				VALIDATE_PRODUCT = YES;
			};
			name = Release;
		};
		B02328DC22C3F03500ACA5A6 /* Debug */ = {
			isa = XCBuildConfiguration;
			baseConfigurationReference = 459E3D9EB4143A011383F9AA /* Pods-FlixDemo03.debug.xcconfig */;
			buildSettings = {
				ASSETCATALOG_COMPILER_APPICON_NAME = AppIcon;
				CODE_SIGN_STYLE = Automatic;
				DEVELOPMENT_TEAM = GTKUYBCQTD;
				INFOPLIST_FILE = FlixDemo03/Info.plist;
				LD_RUNPATH_SEARCH_PATHS = (
					"$(inherited)",
					"@executable_path/Frameworks",
				);
				PRODUCT_BUNDLE_IDENTIFIER = com.facebook.FlixDemo03;
				PRODUCT_NAME = "$(TARGET_NAME)";
				TARGETED_DEVICE_FAMILY = "1,2";
			};
			name = Debug;
		};
		B02328DD22C3F03500ACA5A6 /* Release */ = {
			isa = XCBuildConfiguration;
			baseConfigurationReference = 052B29A8464FEB1FE4877C4A /* Pods-FlixDemo03.release.xcconfig */;
			buildSettings = {
				ASSETCATALOG_COMPILER_APPICON_NAME = AppIcon;
				CODE_SIGN_STYLE = Automatic;
				DEVELOPMENT_TEAM = GTKUYBCQTD;
				INFOPLIST_FILE = FlixDemo03/Info.plist;
				LD_RUNPATH_SEARCH_PATHS = (
					"$(inherited)",
					"@executable_path/Frameworks",
				);
				PRODUCT_BUNDLE_IDENTIFIER = com.facebook.FlixDemo03;
				PRODUCT_NAME = "$(TARGET_NAME)";
				TARGETED_DEVICE_FAMILY = "1,2";
			};
			name = Release;
		};
		B02328DF22C3F03500ACA5A6 /* Debug */ = {
			isa = XCBuildConfiguration;
			baseConfigurationReference = D7C1A0AA8F5AF60A94A86356 /* Pods-FlixDemo03Tests.debug.xcconfig */;
			buildSettings = {
				BUNDLE_LOADER = "$(TEST_HOST)";
				CODE_SIGN_STYLE = Automatic;
				INFOPLIST_FILE = FlixDemo03Tests/Info.plist;
				LD_RUNPATH_SEARCH_PATHS = (
					"$(inherited)",
					"@executable_path/Frameworks",
					"@loader_path/Frameworks",
				);
				PRODUCT_BUNDLE_IDENTIFIER = com.facebook.FlixDemo03Tests;
				PRODUCT_NAME = "$(TARGET_NAME)";
				TARGETED_DEVICE_FAMILY = "1,2";
				TEST_HOST = "$(BUILT_PRODUCTS_DIR)/FlixDemo03.app/FlixDemo03";
			};
			name = Debug;
		};
		B02328E022C3F03500ACA5A6 /* Release */ = {
			isa = XCBuildConfiguration;
			baseConfigurationReference = 872A99A2DF09B82DE1FA40A6 /* Pods-FlixDemo03Tests.release.xcconfig */;
			buildSettings = {
				BUNDLE_LOADER = "$(TEST_HOST)";
				CODE_SIGN_STYLE = Automatic;
				INFOPLIST_FILE = FlixDemo03Tests/Info.plist;
				LD_RUNPATH_SEARCH_PATHS = (
					"$(inherited)",
					"@executable_path/Frameworks",
					"@loader_path/Frameworks",
				);
				PRODUCT_BUNDLE_IDENTIFIER = com.facebook.FlixDemo03Tests;
				PRODUCT_NAME = "$(TARGET_NAME)";
				TARGETED_DEVICE_FAMILY = "1,2";
				TEST_HOST = "$(BUILT_PRODUCTS_DIR)/FlixDemo03.app/FlixDemo03";
			};
			name = Release;
		};
		B02328E222C3F03500ACA5A6 /* Debug */ = {
			isa = XCBuildConfiguration;
			baseConfigurationReference = BE900186B4D395F2CCB94B95 /* Pods-FlixDemo03UITests.debug.xcconfig */;
			buildSettings = {
				CODE_SIGN_STYLE = Automatic;
				INFOPLIST_FILE = FlixDemo03UITests/Info.plist;
				LD_RUNPATH_SEARCH_PATHS = (
					"$(inherited)",
					"@executable_path/Frameworks",
					"@loader_path/Frameworks",
				);
				PRODUCT_BUNDLE_IDENTIFIER = com.facebook.FlixDemo03UITests;
				PRODUCT_NAME = "$(TARGET_NAME)";
				TARGETED_DEVICE_FAMILY = "1,2";
				TEST_TARGET_NAME = FlixDemo03;
			};
			name = Debug;
		};
		B02328E322C3F03500ACA5A6 /* Release */ = {
			isa = XCBuildConfiguration;
			baseConfigurationReference = 6274D5EAD25D947E1A23E903 /* Pods-FlixDemo03UITests.release.xcconfig */;
			buildSettings = {
				CODE_SIGN_STYLE = Automatic;
				INFOPLIST_FILE = FlixDemo03UITests/Info.plist;
				LD_RUNPATH_SEARCH_PATHS = (
					"$(inherited)",
					"@executable_path/Frameworks",
					"@loader_path/Frameworks",
				);
				PRODUCT_BUNDLE_IDENTIFIER = com.facebook.FlixDemo03UITests;
				PRODUCT_NAME = "$(TARGET_NAME)";
				TARGETED_DEVICE_FAMILY = "1,2";
				TEST_TARGET_NAME = FlixDemo03;
			};
			name = Release;
		};
/* End XCBuildConfiguration section */

/* Begin XCConfigurationList section */
		B02328AA22C3F03400ACA5A6 /* Build configuration list for PBXProject "FlixDemo03" */ = {
			isa = XCConfigurationList;
			buildConfigurations = (
				B02328D922C3F03500ACA5A6 /* Debug */,
				B02328DA22C3F03500ACA5A6 /* Release */,
			);
			defaultConfigurationIsVisible = 0;
			defaultConfigurationName = Release;
		};
		B02328DB22C3F03500ACA5A6 /* Build configuration list for PBXNativeTarget "FlixDemo03" */ = {
			isa = XCConfigurationList;
			buildConfigurations = (
				B02328DC22C3F03500ACA5A6 /* Debug */,
				B02328DD22C3F03500ACA5A6 /* Release */,
			);
			defaultConfigurationIsVisible = 0;
			defaultConfigurationName = Release;
		};
		B02328DE22C3F03500ACA5A6 /* Build configuration list for PBXNativeTarget "FlixDemo03Tests" */ = {
			isa = XCConfigurationList;
			buildConfigurations = (
				B02328DF22C3F03500ACA5A6 /* Debug */,
				B02328E022C3F03500ACA5A6 /* Release */,
			);
			defaultConfigurationIsVisible = 0;
			defaultConfigurationName = Release;
		};
		B02328E122C3F03500ACA5A6 /* Build configuration list for PBXNativeTarget "FlixDemo03UITests" */ = {
			isa = XCConfigurationList;
			buildConfigurations = (
				B02328E222C3F03500ACA5A6 /* Debug */,
				B02328E322C3F03500ACA5A6 /* Release */,
			);
			defaultConfigurationIsVisible = 0;
			defaultConfigurationName = Release;
		};
/* End XCConfigurationList section */
	};
	rootObject = B02328A722C3F03400ACA5A6 /* Project object */;
}
